github.com/northbright/httputil v1.0.0 h1:9Pr6R5jy9lH/VxBtivhleAZNz5Nj3zaelhZ9Q0mv3GE=
github.com/northbright/httputil v1.0.0/go.mod h1:jk+M7GlW7TV+1TAetkvdGbh89PBaEDReTrdeuwCW1zk=
github.com/northbright/iocopy v1.4.1 h1:jworOyWw0q9LPM1vhdMrxvBh20a3mBLcuUeJqz52Zlc=
github.com/northbright/iocopy v1.4.1/go.mod h1:+hm50JvaEZNyp3hGgiZt3UL4KTPyLCP/Gi942eKQ1dU=
