github.com/northbright/httputil v1.2.2 h1:x+TK5VeDL8UkPiHEKwwy3AIJ46uFzRdHmfpoHZRDd3w=
github.com/northbright/httputil v1.2.2/go.mod h1:ANMNxMzrd1ffD1SDsxtD1COSM2Nyq2Y6iqis8bqdDoU=
github.com/northbright/iocopy v1.13.6 h1:iyoCZyuyuSb3lHTI6jOxipatxqiXQ2EhA6oYNooypJA=
github.com/northbright/iocopy v1.13.6/go.mod h1:xoprDDAKfZm6vDu9HEszIJPxI+287SMfUceyiIVJOaE=
